// !$*UTF8*$!
{
	archiveVersion = 1;
	classes = {
	};
	objectVersion = 55;
	objects = {

/* Begin PBXBuildFile section */
		BE5444D128A1BCFD00E0A14B /* FilterSheetView.swift in Sources */ = {isa = PBXBuildFile; fileRef = BE5444D028A1BCFD00E0A14B /* FilterSheetView.swift */; };
		BE7004BA289F507B00D3B197 /* CarListingChallengeApp.swift in Sources */ = {isa = PBXBuildFile; fileRef = BE7004B9289F507B00D3B197 /* CarListingChallengeApp.swift */; };
		BE7004BC289F507B00D3B197 /* ContentView.swift in Sources */ = {isa = PBXBuildFile; fileRef = BE7004BB289F507B00D3B197 /* ContentView.swift */; };
		BE7004BE289F507E00D3B197 /* Assets.xcassets in Resources */ = {isa = PBXBuildFile; fileRef = BE7004BD289F507E00D3B197 /* Assets.xcassets */; };
		BE7004C1289F507E00D3B197 /* Preview Assets.xcassets in Resources */ = {isa = PBXBuildFile; fileRef = BE7004C0289F507E00D3B197 /* Preview Assets.xcassets */; };
		BE7004C9289F53FD00D3B197 /* car_list.json in Resources */ = {isa = PBXBuildFile; fileRef = BE7004C8289F53FD00D3B197 /* car_list.json */; };
		BEAA326D289FE18400ABACD9 /* CarListItem.swift in Sources */ = {isa = PBXBuildFile; fileRef = BEAA326C289FE18400ABACD9 /* CarListItem.swift */; };
		BEAA326F289FE36300ABACD9 /* CarListSelection.swift in Sources */ = {isa = PBXBuildFile; fileRef = BEAA326E289FE36300ABACD9 /* CarListSelection.swift */; };
		BEAA3271289FF18E00ABACD9 /* Cars.xcassets in Resources */ = {isa = PBXBuildFile; fileRef = BEAA3270289FF18E00ABACD9 /* Cars.xcassets */; };
		BEAA327628A02AAB00ABACD9 /* CarListBasicExpandableView.swift in Sources */ = {isa = PBXBuildFile; fileRef = BEAA327528A02AAB00ABACD9 /* CarListBasicExpandableView.swift */; };
		BEAA327B28A054F600ABACD9 /* Star.swift in Sources */ = {isa = PBXBuildFile; fileRef = BEAA327A28A054F600ABACD9 /* Star.swift */; };
		BEAA327E28A05CBC00ABACD9 /* NavAppearanceModifier.swift in Sources */ = {isa = PBXBuildFile; fileRef = BEAA327D28A05CBC00ABACD9 /* NavAppearanceModifier.swift */; };
/* End PBXBuildFile section */

/* Begin PBXFileReference section */
		BE5444D028A1BCFD00E0A14B /* FilterSheetView.swift */ = {isa = PBXFileReference; lastKnownFileType = sourcecode.swift; path = FilterSheetView.swift; sourceTree = "<group>"; };
		BE7004B6289F507B00D3B197 /* Car Listing App Challenge.app */ = {isa = PBXFileReference; explicitFileType = wrapper.application; includeInIndex = 0; path = "Car Listing App Challenge.app"; sourceTree = BUILT_PRODUCTS_DIR; };
		BE7004B9289F507B00D3B197 /* CarListingChallengeApp.swift */ = {isa = PBXFileReference; lastKnownFileType = sourcecode.swift; path = CarListingChallengeApp.swift; sourceTree = "<group>"; };
		BE7004BB289F507B00D3B197 /* ContentView.swift */ = {isa = PBXFileReference; lastKnownFileType = sourcecode.swift; path = ContentView.swift; sourceTree = "<group>"; };
		BE7004BD289F507E00D3B197 /* Assets.xcassets */ = {isa = PBXFileReference; lastKnownFileType = folder.assetcatalog; path = Assets.xcassets; sourceTree = "<group>"; };
		BE7004C0289F507E00D3B197 /* Preview Assets.xcassets */ = {isa = PBXFileReference; lastKnownFileType = folder.assetcatalog; path = "Preview Assets.xcassets"; sourceTree = "<group>"; };
		BE7004C8289F53FD00D3B197 /* car_list.json */ = {isa = PBXFileReference; fileEncoding = 4; lastKnownFileType = text.json; path = car_list.json; sourceTree = "<group>"; };
		BEAA326C289FE18400ABACD9 /* CarListItem.swift */ = {isa = PBXFileReference; lastKnownFileType = sourcecode.swift; path = CarListItem.swift; sourceTree = "<group>"; };
		BEAA326E289FE36300ABACD9 /* CarListSelection.swift */ = {isa = PBXFileReference; lastKnownFileType = sourcecode.swift; path = CarListSelection.swift; sourceTree = "<group>"; };
		BEAA3270289FF18E00ABACD9 /* Cars.xcassets */ = {isa = PBXFileReference; lastKnownFileType = folder.assetcatalog; path = Cars.xcassets; sourceTree = "<group>"; };
		BEAA327528A02AAB00ABACD9 /* CarListBasicExpandableView.swift */ = {isa = PBXFileReference; fileEncoding = 4; lastKnownFileType = sourcecode.swift; path = CarListBasicExpandableView.swift; sourceTree = "<group>"; };
		BEAA327A28A054F600ABACD9 /* Star.swift */ = {isa = PBXFileReference; lastKnownFileType = sourcecode.swift; path = Star.swift; sourceTree = "<group>"; };
		BEAA327D28A05CBC00ABACD9 /* NavAppearanceModifier.swift */ = {isa = PBXFileReference; lastKnownFileType = sourcecode.swift; path = NavAppearanceModifier.swift; sourceTree = "<group>"; };
/* End PBXFileReference section */

/* Begin PBXFrameworksBuildPhase section */
		BE7004B3289F507A00D3B197 /* Frameworks */ = {
			isa = PBXFrameworksBuildPhase;
			buildActionMask = 2147483647;
			files = (
			);
			runOnlyForDeploymentPostprocessing = 0;
		};
/* End PBXFrameworksBuildPhase section */

/* Begin PBXGroup section */
		BE7004AD289F507A00D3B197 = {
			isa = PBXGroup;
			children = (
				BE7004B8289F507B00D3B197 /* Car Listing App Challenge */,
				BE7004B7289F507B00D3B197 /* Products */,
			);
			sourceTree = "<group>";
		};
		BE7004B7289F507B00D3B197 /* Products */ = {
			isa = PBXGroup;
			children = (
				BE7004B6289F507B00D3B197 /* Car Listing App Challenge.app */,
			);
			name = Products;
			sourceTree = "<group>";
		};
		BE7004B8289F507B00D3B197 /* Car Listing App Challenge */ = {
			isa = PBXGroup;
			children = (
				BEAA327C28A05CAB00ABACD9 /* Modifiers */,
				BEAA327928A054EE00ABACD9 /* Shapes */,
				BEAA327228A00D7700ABACD9 /* Views */,
				BEAA326B289FE16700ABACD9 /* Models */,
				BE7004C7289F53F100D3B197 /* Resources */,
				BE7004B9289F507B00D3B197 /* CarListingChallengeApp.swift */,
				BE7004BD289F507E00D3B197 /* Assets.xcassets */,
				BE7004BF289F507E00D3B197 /* Preview Content */,
			);
			path = "Car Listing App Challenge";
			sourceTree = "<group>";
		};
		BE7004BF289F507E00D3B197 /* Preview Content */ = {
			isa = PBXGroup;
			children = (
				BE7004C0289F507E00D3B197 /* Preview Assets.xcassets */,
			);
			path = "Preview Content";
			sourceTree = "<group>";
		};
		BE7004C7289F53F100D3B197 /* Resources */ = {
			isa = PBXGroup;
			children = (
				BE7004C8289F53FD00D3B197 /* car_list.json */,
				BEAA3270289FF18E00ABACD9 /* Cars.xcassets */,
			);
			path = Resources;
			sourceTree = "<group>";
		};
		BEAA326B289FE16700ABACD9 /* Models */ = {
			isa = PBXGroup;
			children = (
				BEAA326C289FE18400ABACD9 /* CarListItem.swift */,
				BEAA326E289FE36300ABACD9 /* CarListSelection.swift */,
			);
			path = Models;
			sourceTree = "<group>";
		};
		BEAA327228A00D7700ABACD9 /* Views */ = {
			isa = PBXGroup;
			children = (
				BE7004BB289F507B00D3B197 /* ContentView.swift */,
				BEAA327528A02AAB00ABACD9 /* CarListBasicExpandableView.swift */,
				BE5444D028A1BCFD00E0A14B /* FilterSheetView.swift */,
			);
			path = Views;
			sourceTree = "<group>";
		};
		BEAA327928A054EE00ABACD9 /* Shapes */ = {
			isa = PBXGroup;
			children = (
				BEAA327A28A054F600ABACD9 /* Star.swift */,
			);
			path = Shapes;
			sourceTree = "<group>";
		};
		BEAA327C28A05CAB00ABACD9 /* Modifiers */ = {
			isa = PBXGroup;
			children = (
				BEAA327D28A05CBC00ABACD9 /* NavAppearanceModifier.swift */,
			);
			path = Modifiers;
			sourceTree = "<group>";
		};
/* End PBXGroup section */

/* Begin PBXNativeTarget section */
		BE7004B5289F507A00D3B197 /* Car Listing App Challenge */ = {
			isa = PBXNativeTarget;
			buildConfigurationList = BE7004C4289F507E00D3B197 /* Build configuration list for PBXNativeTarget "Car Listing App Challenge" */;
			buildPhases = (
				BE7004B2289F507A00D3B197 /* Sources */,
				BE7004B3289F507A00D3B197 /* Frameworks */,
				BE7004B4289F507A00D3B197 /* Resources */,
			);
			buildRules = (
			);
			dependencies = (
			);
			name = "Car Listing App Challenge";
			productName = "Car Listing App Challenge";
			productReference = BE7004B6289F507B00D3B197 /* Car Listing App Challenge.app */;
			productType = "com.apple.product-type.application";
		};
/* End PBXNativeTarget section */

/* Begin PBXProject section */
		BE7004AE289F507A00D3B197 /* Project object */ = {
			isa = PBXProject;
			attributes = {
				BuildIndependentTargetsInParallel = 1;
				LastSwiftUpdateCheck = 1340;
				LastUpgradeCheck = 1340;
				TargetAttributes = {
					BE7004B5289F507A00D3B197 = {
						CreatedOnToolsVersion = 13.4.1;
					};
				};
			};
			buildConfigurationList = BE7004B1289F507A00D3B197 /* Build configuration list for PBXProject "Car Listing App Challenge" */;
			compatibilityVersion = "Xcode 13.0";
			developmentRegion = en;
			hasScannedForEncodings = 0;
			knownRegions = (
				en,
				Base,
			);
			mainGroup = BE7004AD289F507A00D3B197;
			productRefGroup = BE7004B7289F507B00D3B197 /* Products */;
			projectDirPath = "";
			projectRoot = "";
			targets = (
				BE7004B5289F507A00D3B197 /* Car Listing App Challenge */,
			);
		};
/* End PBXProject section */

/* Begin PBXResourcesBuildPhase section */
		BE7004B4289F507A00D3B197 /* Resources */ = {
			isa = PBXResourcesBuildPhase;
			buildActionMask = 2147483647;
			files = (
				BE7004C1289F507E00D3B197 /* Preview Assets.xcassets in Resources */,
				BE7004C9289F53FD00D3B197 /* car_list.json in Resources */,
				BEAA3271289FF18E00ABACD9 /* Cars.xcassets in Resources */,
				BE7004BE289F507E00D3B197 /* Assets.xcassets in Resources */,
			);
			runOnlyForDeploymentPostprocessing = 0;
		};
/* End PBXResourcesBuildPhase section */

/* Begin PBXSourcesBuildPhase section */
		BE7004B2289F507A00D3B197 /* Sources */ = {
			isa = PBXSourcesBuildPhase;
			buildActionMask = 2147483647;
			files = (
				BEAA326D289FE18400ABACD9 /* CarListItem.swift in Sources */,
				BE7004BC289F507B00D3B197 /* ContentView.swift in Sources */,
				BE5444D128A1BCFD00E0A14B /* FilterSheetView.swift in Sources */,
				BEAA326F289FE36300ABACD9 /* CarListSelection.swift in Sources */,
				BEAA327B28A054F600ABACD9 /* Star.swift in Sources */,
				BEAA327E28A05CBC00ABACD9 /* NavAppearanceModifier.swift in Sources */,
				BE7004BA289F507B00D3B197 /* CarListingChallengeApp.swift in Sources */,
				BEAA327628A02AAB00ABACD9 /* CarListBasicExpandableView.swift in Sources */,
			);
			runOnlyForDeploymentPostprocessing = 0;
		};
/* End PBXSourcesBuildPhase section */

/* Begin XCBuildConfiguration section */
		BE7004C2289F507E00D3B197 /* Debug */ = {
			isa = XCBuildConfiguration;
			buildSettings = {
				ALWAYS_SEARCH_USER_PATHS = NO;
				CLANG_ANALYZER_NONNULL = YES;
				CLANG_ANALYZER_NUMBER_OBJECT_CONVERSION = YES_AGGRESSIVE;
				CLANG_CXX_LANGUAGE_STANDARD = "gnu++17";
				CLANG_ENABLE_MODULES = YES;
				CLANG_ENABLE_OBJC_ARC = YES;
				CLANG_ENABLE_OBJC_WEAK = YES;
				CLANG_WARN_BLOCK_CAPTURE_AUTORELEASING = YES;
				CLANG_WARN_BOOL_CONVERSION = YES;
				CLANG_WARN_COMMA = YES;
				CLANG_WARN_CONSTANT_CONVERSION = YES;
				CLANG_WARN_DEPRECATED_OBJC_IMPLEMENTATIONS = YES;
				CLANG_WARN_DIRECT_OBJC_ISA_USAGE = YES_ERROR;
				CLANG_WARN_DOCUMENTATION_COMMENTS = YES;
				CLANG_WARN_EMPTY_BODY = YES;
				CLANG_WARN_ENUM_CONVERSION = YES;
				CLANG_WARN_INFINITE_RECURSION = YES;
				CLANG_WARN_INT_CONVERSION = YES;
				CLANG_WARN_NON_LITERAL_NULL_CONVERSION = YES;
				CLANG_WARN_OBJC_IMPLICIT_RETAIN_SELF = YES;
				CLANG_WARN_OBJC_LITERAL_CONVERSION = YES;
				CLANG_WARN_OBJC_ROOT_CLASS = YES_ERROR;
				CLANG_WARN_QUOTED_INCLUDE_IN_FRAMEWORK_HEADER = YES;
				CLANG_WARN_RANGE_LOOP_ANALYSIS = YES;
				CLANG_WARN_STRICT_PROTOTYPES = YES;
				CLANG_WARN_SUSPICIOUS_MOVE = YES;
				CLANG_WARN_UNGUARDED_AVAILABILITY = YES_AGGRESSIVE;
				CLANG_WARN_UNREACHABLE_CODE = YES;
				CLANG_WARN__DUPLICATE_METHOD_MATCH = YES;
				COPY_PHASE_STRIP = NO;
				DEBUG_INFORMATION_FORMAT = dwarf;
				ENABLE_STRICT_OBJC_MSGSEND = YES;
				ENABLE_TESTABILITY = YES;
				GCC_C_LANGUAGE_STANDARD = gnu11;
				GCC_DYNAMIC_NO_PIC = NO;
				GCC_NO_COMMON_BLOCKS = YES;
				GCC_OPTIMIZATION_LEVEL = 0;
				GCC_PREPROCESSOR_DEFINITIONS = (
					"DEBUG=1",
					"$(inherited)",
				);
				GCC_WARN_64_TO_32_BIT_CONVERSION = YES;
				GCC_WARN_ABOUT_RETURN_TYPE = YES_ERROR;
				GCC_WARN_UNDECLARED_SELECTOR = YES;
				GCC_WARN_UNINITIALIZED_AUTOS = YES_AGGRESSIVE;
				GCC_WARN_UNUSED_FUNCTION = YES;
				GCC_WARN_UNUSED_VARIABLE = YES;
				IPHONEOS_DEPLOYMENT_TARGET = 15.5;
				MTL_ENABLE_DEBUG_INFO = INCLUDE_SOURCE;
				MTL_FAST_MATH = YES;
				ONLY_ACTIVE_ARCH = YES;
				SDKROOT = iphoneos;
				SWIFT_ACTIVE_COMPILATION_CONDITIONS = DEBUG;
				SWIFT_OPTIMIZATION_LEVEL = "-Onone";
			};
			name = Debug;
		};
		BE7004C3289F507E00D3B197 /* Release */ = {
			isa = XCBuildConfiguration;
			buildSettings = {
				ALWAYS_SEARCH_USER_PATHS = NO;
				CLANG_ANALYZER_NONNULL = YES;
				CLANG_ANALYZER_NUMBER_OBJECT_CONVERSION = YES_AGGRESSIVE;
				CLANG_CXX_LANGUAGE_STANDARD = "gnu++17";
				CLANG_ENABLE_MODULES = YES;
				CLANG_ENABLE_OBJC_ARC = YES;
				CLANG_ENABLE_OBJC_WEAK = YES;
				CLANG_WARN_BLOCK_CAPTURE_AUTORELEASING = YES;
				CLANG_WARN_BOOL_CONVERSION = YES;
				CLANG_WARN_COMMA = YES;
				CLANG_WARN_CONSTANT_CONVERSION = YES;
				CLANG_WARN_DEPRECATED_OBJC_IMPLEMENTATIONS = YES;
				CLANG_WARN_DIRECT_OBJC_ISA_USAGE = YES_ERROR;
				CLANG_WARN_DOCUMENTATION_COMMENTS = YES;
				CLANG_WARN_EMPTY_BODY = YES;
				CLANG_WARN_ENUM_CONVERSION = YES;
				CLANG_WARN_INFINITE_RECURSION = YES;
				CLANG_WARN_INT_CONVERSION = YES;
				CLANG_WARN_NON_LITERAL_NULL_CONVERSION = YES;
				CLANG_WARN_OBJC_IMPLICIT_RETAIN_SELF = YES;
				CLANG_WARN_OBJC_LITERAL_CONVERSION = YES;
				CLANG_WARN_OBJC_ROOT_CLASS = YES_ERROR;
				CLANG_WARN_QUOTED_INCLUDE_IN_FRAMEWORK_HEADER = YES;
				CLANG_WARN_RANGE_LOOP_ANALYSIS = YES;
				CLANG_WARN_STRICT_PROTOTYPES = YES;
				CLANG_WARN_SUSPICIOUS_MOVE = YES;
				CLANG_WARN_UNGUARDED_AVAILABILITY = YES_AGGRESSIVE;
				CLANG_WARN_UNREACHABLE_CODE = YES;
				CLANG_WARN__DUPLICATE_METHOD_MATCH = YES;
				COPY_PHASE_STRIP = NO;
				DEBUG_INFORMATION_FORMAT = "dwarf-with-dsym";
				ENABLE_NS_ASSERTIONS = NO;
				ENABLE_STRICT_OBJC_MSGSEND = YES;
				GCC_C_LANGUAGE_STANDARD = gnu11;
				GCC_NO_COMMON_BLOCKS = YES;
				GCC_WARN_64_TO_32_BIT_CONVERSION = YES;
				GCC_WARN_ABOUT_RETURN_TYPE = YES_ERROR;
				GCC_WARN_UNDECLARED_SELECTOR = YES;
				GCC_WARN_UNINITIALIZED_AUTOS = YES_AGGRESSIVE;
				GCC_WARN_UNUSED_FUNCTION = YES;
				GCC_WARN_UNUSED_VARIABLE = YES;
				IPHONEOS_DEPLOYMENT_TARGET = 15.5;
				MTL_ENABLE_DEBUG_INFO = NO;
				MTL_FAST_MATH = YES;
				SDKROOT = iphoneos;
				SWIFT_COMPILATION_MODE = wholemodule;
				SWIFT_OPTIMIZATION_LEVEL = "-O";
				VALIDATE_PRODUCT = YES;
			};
			name = Release;
		};
		BE7004C5289F507E00D3B197 /* Debug */ = {
			isa = XCBuildConfiguration;
			buildSettings = {
				ASSETCATALOG_COMPILER_APPICON_NAME = AppIcon;
				ASSETCATALOG_COMPILER_GLOBAL_ACCENT_COLOR_NAME = AccentColor;
				CODE_SIGN_STYLE = Automatic;
				CURRENT_PROJECT_VERSION = 1;
				DEVELOPMENT_ASSET_PATHS = "\"Car Listing App Challenge/Preview Content\"";
				DEVELOPMENT_TEAM = "";
				ENABLE_PREVIEWS = YES;
				GENERATE_INFOPLIST_FILE = YES;
				INFOPLIST_KEY_UIApplicationSceneManifest_Generation = YES;
				INFOPLIST_KEY_UIApplicationSupportsIndirectInputEvents = YES;
				INFOPLIST_KEY_UILaunchScreen_Generation = YES;
				INFOPLIST_KEY_UISupportedInterfaceOrientations_iPad = "UIInterfaceOrientationPortrait UIInterfaceOrientationPortraitUpsideDown UIInterfaceOrientationLandscapeLeft UIInterfaceOrientationLandscapeRight";
				INFOPLIST_KEY_UISupportedInterfaceOrientations_iPhone = "UIInterfaceOrientationPortrait UIInterfaceOrientationLandscapeLeft UIInterfaceOrientationLandscapeRight";
				LD_RUNPATH_SEARCH_PATHS = (
					"$(inherited)",
					"@executable_path/Frameworks",
				);
				MARKETING_VERSION = 1.0;
				PRODUCT_BUNDLE_IDENTIFIER = "com.challenge.Car-Listing-App";
				PRODUCT_NAME = "$(TARGET_NAME)";
				SWIFT_EMIT_LOC_STRINGS = YES;
				SWIFT_VERSION = 5.0;
				TARGETED_DEVICE_FAMILY = "1,2";
			};
			name = Debug;
		};
		BE7004C6289F507E00D3B197 /* Release */ = {
			isa = XCBuildConfiguration;
			buildSettings = {
				ASSETCATALOG_COMPILER_APPICON_NAME = AppIcon;
				ASSETCATALOG_COMPILER_GLOBAL_ACCENT_COLOR_NAME = AccentColor;
				CODE_SIGN_STYLE = Automatic;
				CURRENT_PROJECT_VERSION = 1;
				DEVELOPMENT_ASSET_PATHS = "\"Car Listing App Challenge/Preview Content\"";
				DEVELOPMENT_TEAM = "";
				ENABLE_PREVIEWS = YES;
				GENERATE_INFOPLIST_FILE = YES;
				INFOPLIST_KEY_UIApplicationSceneManifest_Generation = YES;
				INFOPLIST_KEY_UIApplicationSupportsIndirectInputEvents = YES;
				INFOPLIST_KEY_UILaunchScreen_Generation = YES;
				INFOPLIST_KEY_UISupportedInterfaceOrientations_iPad = "UIInterfaceOrientationPortrait UIInterfaceOrientationPortraitUpsideDown UIInterfaceOrientationLandscapeLeft UIInterfaceOrientationLandscapeRight";
				INFOPLIST_KEY_UISupportedInterfaceOrientations_iPhone = "UIInterfaceOrientationPortrait UIInterfaceOrientationLandscapeLeft UIInterfaceOrientationLandscapeRight";
				LD_RUNPATH_SEARCH_PATHS = (
					"$(inherited)",
					"@executable_path/Frameworks",
				);
				MARKETING_VERSION = 1.0;
				PRODUCT_BUNDLE_IDENTIFIER = "com.challenge.Car-Listing-App";
				PRODUCT_NAME = "$(TARGET_NAME)";
				SWIFT_EMIT_LOC_STRINGS = YES;
				SWIFT_VERSION = 5.0;
				TARGETED_DEVICE_FAMILY = "1,2";
			};
			name = Release;
		};
/* End XCBuildConfiguration section */

/* Begin XCConfigurationList section */
		BE7004B1289F507A00D3B197 /* Build configuration list for PBXProject "Car Listing App Challenge" */ = {
			isa = XCConfigurationList;
			buildConfigurations = (
				BE7004C2289F507E00D3B197 /* Debug */,
				BE7004C3289F507E00D3B197 /* Release */,
			);
			defaultConfigurationIsVisible = 0;
			defaultConfigurationName = Release;
		};
		BE7004C4289F507E00D3B197 /* Build configuration list for PBXNativeTarget "Car Listing App Challenge" */ = {
			isa = XCConfigurationList;
			buildConfigurations = (
				BE7004C5289F507E00D3B197 /* Debug */,
				BE7004C6289F507E00D3B197 /* Release */,
			);
			defaultConfigurationIsVisible = 0;
			defaultConfigurationName = Release;
		};
/* End XCConfigurationList section */
	};
	rootObject = BE7004AE289F507A00D3B197 /* Project object */;
}
